{
  "nodes": {
    "home-manager": {
      "inputs": {
        "nixpkgs": [
          "nixpkgs"
        ]
      },
      "locked": {
        "lastModified": 1733304249,
        "narHash": "sha256-o6wNhr1ONxMuBJUGC9v0hEjFdv5rN6XzHJEL/rQJLjA=",
        "owner": "nix-community",
        "repo": "home-manager",
        "rev": "6c3a7a0b72c19ec994b85c57a1712d177bd809b2",
        "type": "github"
      },
      "original": {
        "owner": "nix-community",
        "repo": "home-manager",
        "type": "github"
      }
    },
    "nixpkgs": {
      "locked": {
        "lastModified": 1746663147,
        "narHash": "sha256-Ua0drDHawlzNqJnclTJGf87dBmaO/tn7iZ+TCkTRpRc=",
        "owner": "NixOS",
        "repo": "nixpkgs",
        "rev": "dda3dcd3fe03e991015e9a74b22d35950f264a54",
        "type": "github"
      },
      "original": {
        "owner": "NixOS",
        "ref": "nixos-unstable",
        "repo": "nixpkgs",
        "type": "github"
      }
    },
    "nixpkgs-unstable": {
      "locked": {
        "lastModified": 1746663147,
        "narHash": "sha256-Ua0drDHawlzNqJnclTJGf87dBmaO/tn7iZ+TCkTRpRc=",
        "owner": "NixOS",
        "repo": "nixpkgs",
        "rev": "dda3dcd3fe03e991015e9a74b22d35950f264a54",
        "type": "github"
      },
      "original": {
        "owner": "NixOS",
        "ref": "nixos-unstable",
        "repo": "nixpkgs",
        "type": "github"
      }
    },
    "root": {
      "inputs": {
        "home-manager": "home-manager",
        "nixpkgs": "nixpkgs",
        "nixpkgs-unstable": "nixpkgs-unstable"
      }
    }
  },
  "root": "root",
  "version": 7
}
